Microsoft Visual Studio Solution File, Format Version 12.00
# Visual Studio Version 17
VisualStudioVersion = 17.5.2.0
MinimumVisualStudioVersion = 10.0.40219.1
Project("{2150E333-8FDC-42A3-9474-1A3956D46DE8}") = "tests", "tests", "{0AB3BF05-4346-4AA6-1389-037BE0695223}"
EndProject
Project("{2150E333-8FDC-42A3-9474-1A3956D46DE8}") = "src", "src", "{827E0CD3-B72D-47B6-A68D-7590B98EB39B}"
EndProject
Project("{FAE04EC0-301F-11D3-BF4B-00C04F79EFBC}") = "jcHernande2.ServiceClients.Http.Tests", "tests\jcHernande2.ServiceClients.Http.Tests\jcHernande2.ServiceClients.Http.Tests.csproj", "{A20F071B-3BAB-165D-98BE-66A60DD53271}"
EndProject
Project("{FAE04EC0-301F-11D3-BF4B-00C04F79EFBC}") = "jcHernande2.ServiceClients.Http", "src\jcHernande2.ServiceClients.Http\jcHernande2.ServiceClients.Http.csproj", "{24A2C685-6816-16AE-2C9C-8CC1D61D20AF}"
EndProject
Global
	GlobalSection(SolutionConfigurationPlatforms) = preSolution
		Debug|Any CPU = Debug|Any CPU
		Release|Any CPU = Release|Any CPU
	EndGlobalSection
	GlobalSection(ProjectConfigurationPlatforms) = postSolution
		{A20F071B-3BAB-165D-98BE-66A60DD53271}.Debug|Any CPU.ActiveCfg = Debug|Any CPU
		{A20F071B-3BAB-165D-98BE-66A60DD53271}.Debug|Any CPU.Build.0 = Debug|Any CPU
		{A20F071B-3BAB-165D-98BE-66A60DD53271}.Release|Any CPU.ActiveCfg = Release|Any CPU
		{A20F071B-3BAB-165D-98BE-66A60DD53271}.Release|Any CPU.Build.0 = Release|Any CPU
		{24A2C685-6816-16AE-2C9C-8CC1D61D20AF}.Debug|Any CPU.ActiveCfg = Debug|Any CPU
		{24A2C685-6816-16AE-2C9C-8CC1D61D20AF}.Debug|Any CPU.Build.0 = Debug|Any CPU
		{24A2C685-6816-16AE-2C9C-8CC1D61D20AF}.Release|Any CPU.ActiveCfg = Release|Any CPU
		{24A2C685-6816-16AE-2C9C-8CC1D61D20AF}.Release|Any CPU.Build.0 = Release|Any CPU
	EndGlobalSection
	GlobalSection(SolutionProperties) = preSolution
		HideSolutionNode = FALSE
	EndGlobalSection
	GlobalSection(NestedProjects) = preSolution
		{A20F071B-3BAB-165D-98BE-66A60DD53271} = {0AB3BF05-4346-4AA6-1389-037BE0695223}
		{24A2C685-6816-16AE-2C9C-8CC1D61D20AF} = {827E0CD3-B72D-47B6-A68D-7590B98EB39B}
	EndGlobalSection
	GlobalSection(ExtensibilityGlobals) = postSolution
		SolutionGuid = {3913C816-F956-4762-895E-93D387F2AEF5}
	EndGlobalSection
EndGlobal
